
Microsoft Visual Studio Solution File, Format Version 10.00
# Visual Studio 2008
Project("{FAE04EC0-301F-11D3-BF4B-00C04F79EFBC}") = "Magenta.Shared", "..\_shared\Magenta.Shared\Magenta.Shared.csproj", "{18D9C143-D91B-472A-A172-8632CCB6415E}"
EndProject
Project("{FAE04EC0-301F-11D3-BF4B-00C04F79EFBC}") = "Magenta.WannaPlay.Components", "Magenta.WannaPlay.Components\Magenta.WannaPlay.Components.csproj", "{A7D0D4D2-64D1-4192-B35D-1D7C7FC1C6BE}"
EndProject
Project("{FAE04EC0-301F-11D3-BF4B-00C04F79EFBC}") = "Magenta.WannaPlay.UI.WinForms", "Magenta.WannaPlay.UI.WinForms\Magenta.WannaPlay.UI.WinForms.csproj", "{EB6A9B6B-FC19-407C-80C6-2DC36A07BE58}"
EndProject
Project("{FAE04EC0-301F-11D3-BF4B-00C04F79EFBC}") = "Magenta.Shared.UI.WinForms", "..\_shared\Magenta.Shared.Ui.WinForms\Magenta.Shared.UI.WinForms.csproj", "{7FE12FFC-99C6-40FC-9D9A-6A2700BEDA66}"
EndProject
Project("{FAE04EC0-301F-11D3-BF4B-00C04F79EFBC}") = "Magenta.WannaPlay.Components.Test", "Magenta.WannaPlay.Components.Test\Magenta.WannaPlay.Components.Test.csproj", "{F1FE86A5-728E-489B-A3CA-806125EE3F75}"
EndProject
Project("{FAE04EC0-301F-11D3-BF4B-00C04F79EFBC}") = "Magenta.WannaPlay.UI.WinForms.Test", "Magenta.WannaPlay.UI.WinForms.Test\Magenta.WannaPlay.UI.WinForms.Test.csproj", "{D00F3985-9410-4751-9BB4-918B68E4C13E}"
EndProject
Project("{FAE04EC0-301F-11D3-BF4B-00C04F79EFBC}") = "Magenta.Shared.Testing", "..\_shared\Magenta.Shared.Testing\Magenta.Shared.Testing.csproj", "{B2DA52AB-F103-4865-8F39-71D076D85E25}"
EndProject
Project("{FAE04EC0-301F-11D3-BF4B-00C04F79EFBC}") = "Magenta.Shared.Test", "..\_shared\Magents.Shared.Test\Magenta.Shared.Test.csproj", "{F2CFB30D-6AA3-4DA1-ABC6-C75CEEFE3C59}"
EndProject
Project("{2150E333-8FDC-42A3-9474-1A3956D46DE8}") = "Shared", "Shared", "{CCB624B0-A0E0-40FE-BEB1-A8837530DF11}"
EndProject
Project("{2150E333-8FDC-42A3-9474-1A3956D46DE8}") = "_test", "_test", "{EDE65AE9-6DC5-4D49-84A2-4E849544776F}"
EndProject
Project("{FAE04EC0-301F-11D3-BF4B-00C04F79EFBC}") = "Magenta.Shared.UI.WinForms.Test", "..\_shared\Magenta.Shared.UI.WinForms.Test\Magenta.Shared.UI.WinForms.Test.csproj", "{44B75466-4C60-4CDC-A470-BE5B46DFD917}"
EndProject
Project("{2150E333-8FDC-42A3-9474-1A3956D46DE8}") = "Solution Items", "Solution Items", "{55886884-324C-4EF8-9380-74450AD144D7}"
	ProjectSection(SolutionItems) = preProject
		ToDo.txt = ToDo.txt
	EndProjectSection
EndProject
Global
	GlobalSection(SolutionConfigurationPlatforms) = preSolution
		Debug|Any CPU = Debug|Any CPU
		Release|Any CPU = Release|Any CPU
	EndGlobalSection
	GlobalSection(ProjectConfigurationPlatforms) = postSolution
		{18D9C143-D91B-472A-A172-8632CCB6415E}.Debug|Any CPU.ActiveCfg = Debug|Any CPU
		{18D9C143-D91B-472A-A172-8632CCB6415E}.Debug|Any CPU.Build.0 = Debug|Any CPU
		{18D9C143-D91B-472A-A172-8632CCB6415E}.Release|Any CPU.ActiveCfg = Release|Any CPU
		{18D9C143-D91B-472A-A172-8632CCB6415E}.Release|Any CPU.Build.0 = Release|Any CPU
		{A7D0D4D2-64D1-4192-B35D-1D7C7FC1C6BE}.Debug|Any CPU.ActiveCfg = Debug|Any CPU
		{A7D0D4D2-64D1-4192-B35D-1D7C7FC1C6BE}.Debug|Any CPU.Build.0 = Debug|Any CPU
		{A7D0D4D2-64D1-4192-B35D-1D7C7FC1C6BE}.Release|Any CPU.ActiveCfg = Release|Any CPU
		{A7D0D4D2-64D1-4192-B35D-1D7C7FC1C6BE}.Release|Any CPU.Build.0 = Release|Any CPU
		{EB6A9B6B-FC19-407C-80C6-2DC36A07BE58}.Debug|Any CPU.ActiveCfg = Debug|Any CPU
		{EB6A9B6B-FC19-407C-80C6-2DC36A07BE58}.Debug|Any CPU.Build.0 = Debug|Any CPU
		{EB6A9B6B-FC19-407C-80C6-2DC36A07BE58}.Release|Any CPU.ActiveCfg = Release|Any CPU
		{EB6A9B6B-FC19-407C-80C6-2DC36A07BE58}.Release|Any CPU.Build.0 = Release|Any CPU
		{7FE12FFC-99C6-40FC-9D9A-6A2700BEDA66}.Debug|Any CPU.ActiveCfg = Debug|Any CPU
		{7FE12FFC-99C6-40FC-9D9A-6A2700BEDA66}.Debug|Any CPU.Build.0 = Debug|Any CPU
		{7FE12FFC-99C6-40FC-9D9A-6A2700BEDA66}.Release|Any CPU.ActiveCfg = Release|Any CPU
		{7FE12FFC-99C6-40FC-9D9A-6A2700BEDA66}.Release|Any CPU.Build.0 = Release|Any CPU
		{F1FE86A5-728E-489B-A3CA-806125EE3F75}.Debug|Any CPU.ActiveCfg = Debug|Any CPU
		{F1FE86A5-728E-489B-A3CA-806125EE3F75}.Debug|Any CPU.Build.0 = Debug|Any CPU
		{F1FE86A5-728E-489B-A3CA-806125EE3F75}.Release|Any CPU.ActiveCfg = Release|Any CPU
		{F1FE86A5-728E-489B-A3CA-806125EE3F75}.Release|Any CPU.Build.0 = Release|Any CPU
		{D00F3985-9410-4751-9BB4-918B68E4C13E}.Debug|Any CPU.ActiveCfg = Debug|Any CPU
		{D00F3985-9410-4751-9BB4-918B68E4C13E}.Debug|Any CPU.Build.0 = Debug|Any CPU
		{D00F3985-9410-4751-9BB4-918B68E4C13E}.Release|Any CPU.ActiveCfg = Release|Any CPU
		{D00F3985-9410-4751-9BB4-918B68E4C13E}.Release|Any CPU.Build.0 = Release|Any CPU
		{B2DA52AB-F103-4865-8F39-71D076D85E25}.Debug|Any CPU.ActiveCfg = Debug|Any CPU
		{B2DA52AB-F103-4865-8F39-71D076D85E25}.Debug|Any CPU.Build.0 = Debug|Any CPU
		{B2DA52AB-F103-4865-8F39-71D076D85E25}.Release|Any CPU.ActiveCfg = Release|Any CPU
		{B2DA52AB-F103-4865-8F39-71D076D85E25}.Release|Any CPU.Build.0 = Release|Any CPU
		{F2CFB30D-6AA3-4DA1-ABC6-C75CEEFE3C59}.Debug|Any CPU.ActiveCfg = Debug|Any CPU
		{F2CFB30D-6AA3-4DA1-ABC6-C75CEEFE3C59}.Debug|Any CPU.Build.0 = Debug|Any CPU
		{F2CFB30D-6AA3-4DA1-ABC6-C75CEEFE3C59}.Release|Any CPU.ActiveCfg = Release|Any CPU
		{F2CFB30D-6AA3-4DA1-ABC6-C75CEEFE3C59}.Release|Any CPU.Build.0 = Release|Any CPU
		{44B75466-4C60-4CDC-A470-BE5B46DFD917}.Debug|Any CPU.ActiveCfg = Debug|Any CPU
		{44B75466-4C60-4CDC-A470-BE5B46DFD917}.Debug|Any CPU.Build.0 = Debug|Any CPU
		{44B75466-4C60-4CDC-A470-BE5B46DFD917}.Release|Any CPU.ActiveCfg = Release|Any CPU
		{44B75466-4C60-4CDC-A470-BE5B46DFD917}.Release|Any CPU.Build.0 = Release|Any CPU
	EndGlobalSection
	GlobalSection(SolutionProperties) = preSolution
		HideSolutionNode = FALSE
	EndGlobalSection
	GlobalSection(NestedProjects) = preSolution
		{7FE12FFC-99C6-40FC-9D9A-6A2700BEDA66} = {CCB624B0-A0E0-40FE-BEB1-A8837530DF11}
		{18D9C143-D91B-472A-A172-8632CCB6415E} = {CCB624B0-A0E0-40FE-BEB1-A8837530DF11}
		{D00F3985-9410-4751-9BB4-918B68E4C13E} = {EDE65AE9-6DC5-4D49-84A2-4E849544776F}
		{B2DA52AB-F103-4865-8F39-71D076D85E25} = {EDE65AE9-6DC5-4D49-84A2-4E849544776F}
		{F2CFB30D-6AA3-4DA1-ABC6-C75CEEFE3C59} = {EDE65AE9-6DC5-4D49-84A2-4E849544776F}
		{F1FE86A5-728E-489B-A3CA-806125EE3F75} = {EDE65AE9-6DC5-4D49-84A2-4E849544776F}
		{44B75466-4C60-4CDC-A470-BE5B46DFD917} = {EDE65AE9-6DC5-4D49-84A2-4E849544776F}
	EndGlobalSection
EndGlobal
